{
  "version": 4,
  "terraform_version": "1.2.9",
  "serial": 130,
  "lineage": "704af415-4f12-7cb0-e574-b728114ffe14",
  "outputs": {},
  "resources": [
    {
      "mode": "managed",
      "type": "google_project_iam_binding",
      "name": "roles",
      "provider": "provider[\"registry.terraform.io/hashicorp/google\"]",
      "instances": [
        {
          "index_key": "roles/storage.objectCreator",
          "schema_version": 0,
          "attributes": {
            "condition": [],
            "etag": "BwXpMh6BUBU=",
            "id": "terraform-practice2/roles/storage.objectCreator",
            "members": [
              "serviceAccount:myaccount1@terraform-practice2.iam.gserviceaccount.com",
              "serviceAccount:myaccount2@terraform-practice2.iam.gserviceaccount.com",
              "serviceAccount:myaccount3@terraform-practice2.iam.gserviceaccount.com",
              "serviceAccount:myaccount4@terraform-practice2.iam.gserviceaccount.com",
              "serviceAccount:myaccount5@terraform-practice2.iam.gserviceaccount.com",
              "serviceAccount:myaccount6@terraform-practice2.iam.gserviceaccount.com",
              "serviceAccount:myaccount7@terraform-practice2.iam.gserviceaccount.com",
              "serviceAccount:myaccount8@terraform-practice2.iam.gserviceaccount.com"
            ],
            "project": "terraform-practice2",
            "role": "roles/storage.objectCreator"
          },
          "sensitive_attributes": [],
          "private": "bnVsbA==",
          "dependencies": [
            "google_service_account.account1",
            "google_service_account.account2",
            "google_service_account.account3",
            "google_service_account.account4",
            "google_service_account.account5",
            "google_service_account.account6",
            "google_service_account.account7",
            "google_service_account.account8"
          ]
        },
        {
          "index_key": "roles/storage.objectViewer",
          "schema_version": 0,
          "attributes": {
            "condition": [],
            "etag": "BwXpMh6BUBU=",
            "id": "terraform-practice2/roles/storage.objectViewer",
            "members": [
              "serviceAccount:myaccount1@terraform-practice2.iam.gserviceaccount.com",
              "serviceAccount:myaccount2@terraform-practice2.iam.gserviceaccount.com",
              "serviceAccount:myaccount3@terraform-practice2.iam.gserviceaccount.com",
              "serviceAccount:myaccount4@terraform-practice2.iam.gserviceaccount.com",
              "serviceAccount:myaccount5@terraform-practice2.iam.gserviceaccount.com",
              "serviceAccount:myaccount6@terraform-practice2.iam.gserviceaccount.com",
              "serviceAccount:myaccount7@terraform-practice2.iam.gserviceaccount.com",
              "serviceAccount:myaccount8@terraform-practice2.iam.gserviceaccount.com"
            ],
            "project": "terraform-practice2",
            "role": "roles/storage.objectViewer"
          },
          "sensitive_attributes": [],
          "private": "bnVsbA==",
          "dependencies": [
            "google_service_account.account1",
            "google_service_account.account2",
            "google_service_account.account3",
            "google_service_account.account4",
            "google_service_account.account5",
            "google_service_account.account6",
            "google_service_account.account7",
            "google_service_account.account8"
          ]
        }
      ]
    },
    {
      "mode": "managed",
      "type": "google_service_account",
      "name": "account1",
      "provider": "provider[\"registry.terraform.io/hashicorp/google\"]",
      "instances": [
        {
          "schema_version": 0,
          "attributes": {
            "account_id": "myaccount1",
            "description": "",
            "disabled": false,
            "display_name": "serviveacc1",
            "email": "myaccount1@terraform-practice2.iam.gserviceaccount.com",
            "id": "projects/terraform-practice2/serviceAccounts/myaccount1@terraform-practice2.iam.gserviceaccount.com",
            "name": "projects/terraform-practice2/serviceAccounts/myaccount1@terraform-practice2.iam.gserviceaccount.com",
            "project": "terraform-practice2",
            "timeouts": null,
            "unique_id": "103067541797686809837"
          },
          "sensitive_attributes": [],
          "private": "eyJlMmJmYjczMC1lY2FhLTExZTYtOGY4OC0zNDM2M2JjN2M0YzAiOnsiY3JlYXRlIjozMDAwMDAwMDAwMDB9fQ=="
        }
      ]
    },
    {
      "mode": "managed",
      "type": "google_service_account",
      "name": "account2",
      "provider": "provider[\"registry.terraform.io/hashicorp/google\"]",
      "instances": [
        {
          "schema_version": 0,
          "attributes": {
            "account_id": "myaccount2",
            "description": "",
            "disabled": false,
            "display_name": "serviveacc2",
            "email": "myaccount2@terraform-practice2.iam.gserviceaccount.com",
            "id": "projects/terraform-practice2/serviceAccounts/myaccount2@terraform-practice2.iam.gserviceaccount.com",
            "name": "projects/terraform-practice2/serviceAccounts/myaccount2@terraform-practice2.iam.gserviceaccount.com",
            "project": "terraform-practice2",
            "timeouts": null,
            "unique_id": "104988193883998260269"
          },
          "sensitive_attributes": [],
          "private": "eyJlMmJmYjczMC1lY2FhLTExZTYtOGY4OC0zNDM2M2JjN2M0YzAiOnsiY3JlYXRlIjozMDAwMDAwMDAwMDB9fQ=="
        }
      ]
    },
    {
      "mode": "managed",
      "type": "google_service_account",
      "name": "account3",
      "provider": "provider[\"registry.terraform.io/hashicorp/google\"]",
      "instances": [
        {
          "schema_version": 0,
          "attributes": {
            "account_id": "myaccount3",
            "description": "",
            "disabled": false,
            "display_name": "serviveacc3",
            "email": "myaccount3@terraform-practice2.iam.gserviceaccount.com",
            "id": "projects/terraform-practice2/serviceAccounts/myaccount3@terraform-practice2.iam.gserviceaccount.com",
            "name": "projects/terraform-practice2/serviceAccounts/myaccount3@terraform-practice2.iam.gserviceaccount.com",
            "project": "terraform-practice2",
            "timeouts": null,
            "unique_id": "101646520724429384688"
          },
          "sensitive_attributes": [],
          "private": "eyJlMmJmYjczMC1lY2FhLTExZTYtOGY4OC0zNDM2M2JjN2M0YzAiOnsiY3JlYXRlIjozMDAwMDAwMDAwMDB9fQ=="
        }
      ]
    },
    {
      "mode": "managed",
      "type": "google_service_account",
      "name": "account4",
      "provider": "provider[\"registry.terraform.io/hashicorp/google\"]",
      "instances": [
        {
          "schema_version": 0,
          "attributes": {
            "account_id": "myaccount4",
            "description": "",
            "disabled": false,
            "display_name": "serviveacc4",
            "email": "myaccount4@terraform-practice2.iam.gserviceaccount.com",
            "id": "projects/terraform-practice2/serviceAccounts/myaccount4@terraform-practice2.iam.gserviceaccount.com",
            "name": "projects/terraform-practice2/serviceAccounts/myaccount4@terraform-practice2.iam.gserviceaccount.com",
            "project": "terraform-practice2",
            "timeouts": null,
            "unique_id": "113282193979741504052"
          },
          "sensitive_attributes": [],
          "private": "eyJlMmJmYjczMC1lY2FhLTExZTYtOGY4OC0zNDM2M2JjN2M0YzAiOnsiY3JlYXRlIjozMDAwMDAwMDAwMDB9fQ=="
        }
      ]
    },
    {
      "mode": "managed",
      "type": "google_service_account",
      "name": "account5",
      "provider": "provider[\"registry.terraform.io/hashicorp/google\"]",
      "instances": [
        {
          "schema_version": 0,
          "attributes": {
            "account_id": "myaccount5",
            "description": "",
            "disabled": false,
            "display_name": "serviveacc5",
            "email": "myaccount5@terraform-practice2.iam.gserviceaccount.com",
            "id": "projects/terraform-practice2/serviceAccounts/myaccount5@terraform-practice2.iam.gserviceaccount.com",
            "name": "projects/terraform-practice2/serviceAccounts/myaccount5@terraform-practice2.iam.gserviceaccount.com",
            "project": "terraform-practice2",
            "timeouts": null,
            "unique_id": "114265130681756953606"
          },
          "sensitive_attributes": [],
          "private": "eyJlMmJmYjczMC1lY2FhLTExZTYtOGY4OC0zNDM2M2JjN2M0YzAiOnsiY3JlYXRlIjozMDAwMDAwMDAwMDB9fQ=="
        }
      ]
    },
    {
      "mode": "managed",
      "type": "google_service_account",
      "name": "account6",
      "provider": "provider[\"registry.terraform.io/hashicorp/google\"]",
      "instances": [
        {
          "schema_version": 0,
          "attributes": {
            "account_id": "myaccount6",
            "description": "",
            "disabled": false,
            "display_name": "serviveacc6",
            "email": "myaccount6@terraform-practice2.iam.gserviceaccount.com",
            "id": "projects/terraform-practice2/serviceAccounts/myaccount6@terraform-practice2.iam.gserviceaccount.com",
            "name": "projects/terraform-practice2/serviceAccounts/myaccount6@terraform-practice2.iam.gserviceaccount.com",
            "project": "terraform-practice2",
            "timeouts": null,
            "unique_id": "113583851100845808428"
          },
          "sensitive_attributes": [],
          "private": "eyJlMmJmYjczMC1lY2FhLTExZTYtOGY4OC0zNDM2M2JjN2M0YzAiOnsiY3JlYXRlIjozMDAwMDAwMDAwMDB9fQ=="
        }
      ]
    },
    {
      "mode": "managed",
      "type": "google_service_account",
      "name": "account7",
      "provider": "provider[\"registry.terraform.io/hashicorp/google\"]",
      "instances": [
        {
          "schema_version": 0,
          "attributes": {
            "account_id": "myaccount7",
            "description": "",
            "disabled": false,
            "display_name": "serviveacc7",
            "email": "myaccount7@terraform-practice2.iam.gserviceaccount.com",
            "id": "projects/terraform-practice2/serviceAccounts/myaccount7@terraform-practice2.iam.gserviceaccount.com",
            "name": "projects/terraform-practice2/serviceAccounts/myaccount7@terraform-practice2.iam.gserviceaccount.com",
            "project": "terraform-practice2",
            "timeouts": null,
            "unique_id": "103186783859360362505"
          },
          "sensitive_attributes": [],
          "private": "eyJlMmJmYjczMC1lY2FhLTExZTYtOGY4OC0zNDM2M2JjN2M0YzAiOnsiY3JlYXRlIjozMDAwMDAwMDAwMDB9fQ=="
        }
      ]
    },
    {
      "mode": "managed",
      "type": "google_service_account",
      "name": "account8",
      "provider": "provider[\"registry.terraform.io/hashicorp/google\"]",
      "instances": [
        {
          "schema_version": 0,
          "attributes": {
            "account_id": "myaccount8",
            "description": "",
            "disabled": false,
            "display_name": "serviveacc8",
            "email": "myaccount8@terraform-practice2.iam.gserviceaccount.com",
            "id": "projects/terraform-practice2/serviceAccounts/myaccount8@terraform-practice2.iam.gserviceaccount.com",
            "name": "projects/terraform-practice2/serviceAccounts/myaccount8@terraform-practice2.iam.gserviceaccount.com",
            "project": "terraform-practice2",
            "timeouts": null,
            "unique_id": "112982529421936771809"
          },
          "sensitive_attributes": [],
          "private": "eyJlMmJmYjczMC1lY2FhLTExZTYtOGY4OC0zNDM2M2JjN2M0YzAiOnsiY3JlYXRlIjozMDAwMDAwMDAwMDB9fQ=="
        }
      ]
    }
  ]
}
