{
  "version": 4,
  "terraform_version": "1.2.9",
  "serial": 10,
  "lineage": "9d336912-4285-3ebf-994c-786ccadf658e",
  "outputs": {},
  "resources": [
    {
      "module": "module.Bigquery",
      "mode": "managed",
      "type": "google_bigquery_dataset",
      "name": "dataset",
      "provider": "provider[\"registry.terraform.io/hashicorp/google\"]",
      "instances": [
        {
          "schema_version": 0,
          "attributes": {
            "access": [
              {
                "dataset": [],
                "domain": "",
                "group_by_email": "",
                "role": "OWNER",
                "special_group": "",
                "user_by_email": "aaaa-68@terraform-practice2.iam.gserviceaccount.com",
                "view": []
              },
              {
                "dataset": [],
                "domain": "",
                "group_by_email": "",
                "role": "OWNER",
                "special_group": "projectOwners",
                "user_by_email": "",
                "view": []
              },
              {
                "dataset": [],
                "domain": "",
                "group_by_email": "",
                "role": "READER",
                "special_group": "projectReaders",
                "user_by_email": "",
                "view": []
              },
              {
                "dataset": [],
                "domain": "",
                "group_by_email": "",
                "role": "WRITER",
                "special_group": "projectWriters",
                "user_by_email": "",
                "view": []
              }
            ],
            "creation_time": 1793477085,
            "dataset_id": "SupplyChainSrcDataStockBalanceOnline",
            "default_encryption_configuration": [],
            "default_partition_expiration_ms": 0,
            "default_table_expiration_ms": 0,
            "delete_contents_on_destroy": false,
            "description": "",
            "etag": "8sp1AGrjryCQdBAihNGkvQ==",
            "friendly_name": "",
            "id": "projects/terraform-practice2/datasets/SupplyChainSrcDataStockBalanceOnline",
            "labels": null,
            "last_modified_time": 1793477085,
            "location": "US",
            "project": "terraform-practice2",
            "self_link": "https://bigquery.googleapis.com/bigquery/v2/projects/terraform-practice2/datasets/SupplyChainSrcDataStockBalanceOnline",
            "timeouts": null
          },
          "sensitive_attributes": [],
          "private": "eyJlMmJmYjczMC1lY2FhLTExZTYtOGY4OC0zNDM2M2JjN2M0YzAiOnsiY3JlYXRlIjoxMjAwMDAwMDAwMDAwLCJkZWxldGUiOjEyMDAwMDAwMDAwMDAsInVwZGF0ZSI6MTIwMDAwMDAwMDAwMH19"
        }
      ]
    },
    {
      "module": "module.Bigquery",
      "mode": "managed",
      "type": "google_bigquery_table",
      "name": "table",
      "provider": "provider[\"registry.terraform.io/hashicorp/google\"]",
      "instances": [
        {
          "schema_version": 0,
          "attributes": {
            "clustering": null,
            "creation_time": 1793478119,
            "dataset_id": "SupplyChainSrcDataStockBalanceOnline",
            "deletion_protection": true,
            "description": "",
            "encryption_configuration": [],
            "etag": "xUjxIg3G+KPHIYQ+0E+a9A==",
            "expiration_time": 0,
            "external_data_configuration": [],
            "friendly_name": "",
            "id": "projects/terraform-practice2/datasets/SupplyChainSrcDataStockBalanceOnline/tables/StockBalanceOnline",
            "labels": null,
            "last_modified_time": 1793478171,
            "location": "US",
            "materialized_view": [],
            "num_bytes": 0,
            "num_long_term_bytes": 0,
            "num_rows": 0,
            "project": "terraform-practice2",
            "range_partitioning": [],
            "schema": "[{\"mode\":\"NULLABLE\",\"name\":\"WM_LGNUM\",\"type\":\"STRING\"},{\"mode\":\"NULLABLE\",\"name\":\"PLANT\",\"type\":\"STRING\"},{\"mode\":\"NULLABLE\",\"name\":\"ZCORPBRND\",\"type\":\"STRING\"},{\"mode\":\"NULLABLE\",\"name\":\"ZPM_TYPE\",\"type\":\"STRING\"},{\"mode\":\"NULLABLE\",\"name\":\"WM_EXTRDAT\",\"type\":\"STRING\"},{\"mode\":\"NULLABLE\",\"name\":\"ZPROD_ID\",\"type\":\"STRING\"},{\"mode\":\"NULLABLE\",\"name\":\"ZARTCL_ID\",\"type\":\"STRING\"},{\"mode\":\"NULLABLE\",\"name\":\"RT_SIZCR\",\"type\":\"STRING\"},{\"mode\":\"NULLABLE\",\"name\":\"ZSEASON\",\"type\":\"STRING\"},{\"mode\":\"NULLABLE\",\"name\":\"ZQTY_UNR\",\"type\":\"FLOAT\"},{\"mode\":\"NULLABLE\",\"name\":\"ZQTY_BLO\",\"type\":\"FLOAT\"},{\"mode\":\"NULLABLE\",\"name\":\"ZQTY_QI\",\"type\":\"FLOAT\"},{\"mode\":\"NULLABLE\",\"name\":\"ZQTY_RET\",\"type\":\"FLOAT\"},{\"mode\":\"NULLABLE\",\"name\":\"ZQTY_SCR\",\"type\":\"FLOAT\"},{\"mode\":\"NULLABLE\",\"name\":\"ZQTY_CHA\",\"type\":\"FLOAT\"},{\"mode\":\"NULLABLE\",\"name\":\"WM_QUAN\",\"type\":\"FLOAT\"},{\"mode\":\"NULLABLE\",\"name\":\"ZTOTVAL\",\"type\":\"STRING\"},{\"mode\":\"NULLABLE\",\"name\":\"ZUNRVAL\",\"type\":\"FLOAT\"},{\"mode\":\"NULLABLE\",\"name\":\"ZZSKURANK\",\"type\":\"FLOAT\"},{\"mode\":\"NULLABLE\",\"name\":\"ZPTDETIND\",\"type\":\"STRING\"}]",
            "self_link": "https://bigquery.googleapis.com/bigquery/v2/projects/terraform-practice2/datasets/SupplyChainSrcDataStockBalanceOnline/tables/StockBalanceOnline",
            "table_id": "StockBalanceOnline",
            "time_partitioning": [],
            "type": "TABLE",
            "view": []
          },
          "sensitive_attributes": [],
          "private": "bnVsbA==",
          "dependencies": [
            "module.Bigquery.google_bigquery_dataset.dataset"
          ]
        }
      ]
    },
    {
      "module": "module.ServiceAccount",
      "mode": "managed",
      "type": "google_project_iam_binding",
      "name": "roles",
      "provider": "provider[\"registry.terraform.io/hashicorp/google\"]",
      "instances": []
    },
    {
      "module": "module.pubsubnotification-with-GCS",
      "mode": "data",
      "type": "google_storage_project_service_account",
      "name": "gcs_account",
      "provider": "provider[\"registry.terraform.io/hashicorp/google\"]",
      "instances": [
        {
          "schema_version": 0,
          "attributes": {
            "email_address": "service-370834102471@gs-project-accounts.iam.gserviceaccount.com",
            "id": "service-370834102471@gs-project-accounts.iam.gserviceaccount.com",
            "project": "terraform-practice2",
            "user_project": null
          },
          "sensitive_attributes": []
        }
      ]
    },
    {
      "module": "module.pubsubnotification-with-GCS",
      "mode": "managed",
      "type": "google_pubsub_subscription",
      "name": "subscription",
      "provider": "provider[\"registry.terraform.io/hashicorp/google\"]",
      "instances": [
        {
          "schema_version": 0,
          "attributes": {
            "ack_deadline_seconds": 10,
            "bigquery_config": [],
            "dead_letter_policy": [],
            "enable_exactly_once_delivery": false,
            "enable_message_ordering": false,
            "expiration_policy": [
              {
                "ttl": "2678400s"
              }
            ],
            "filter": "",
            "id": "projects/terraform-practice2/subscriptions/SAP_BW-StockAdjustmentsOnline-Created",
            "labels": null,
            "message_retention_duration": "604800s",
            "name": "SAP_BW-StockAdjustmentsOnline-Created",
            "project": "terraform-practice2",
            "push_config": [],
            "retain_acked_messages": false,
            "retry_policy": [],
            "timeouts": null,
            "topic": "projects/terraform-practice2/topics/SAP_BW-StockAdjustmentsOnline-FileEvent"
          },
          "sensitive_attributes": [],
          "private": "eyJlMmJmYjczMC1lY2FhLTExZTYtOGY4OC0zNDM2M2JjN2M0YzAiOnsiY3JlYXRlIjoxMjAwMDAwMDAwMDAwLCJkZWxldGUiOjEyMDAwMDAwMDAwMDAsInVwZGF0ZSI6MTIwMDAwMDAwMDAwMH19",
          "dependencies": [
            "module.pubsubnotification-with-GCS.google_pubsub_topic.topics"
          ]
        }
      ]
    },
    {
      "module": "module.pubsubnotification-with-GCS",
      "mode": "managed",
      "type": "google_pubsub_topic",
      "name": "topics",
      "provider": "provider[\"registry.terraform.io/hashicorp/google\"]",
      "instances": [
        {
          "schema_version": 0,
          "attributes": {
            "id": "projects/terraform-practice2/topics/SAP_BW-StockAdjustmentsOnline-FileEvent",
            "kms_key_name": "",
            "labels": null,
            "message_retention_duration": "",
            "message_storage_policy": [],
            "name": "SAP_BW-StockAdjustmentsOnline-FileEvent",
            "project": "terraform-practice2",
            "schema_settings": [],
            "timeouts": null
          },
          "sensitive_attributes": [],
          "private": "eyJlMmJmYjczMC1lY2FhLTExZTYtOGY4OC0zNDM2M2JjN2M0YzAiOnsiY3JlYXRlIjoxMjAwMDAwMDAwMDAwLCJkZWxldGUiOjEyMDAwMDAwMDAwMDAsInVwZGF0ZSI6MTIwMDAwMDAwMDAwMH19"
        }
      ]
    },
    {
      "module": "module.pubsubnotification-with-GCS",
      "mode": "managed",
      "type": "google_pubsub_topic_iam_binding",
      "name": "binding",
      "provider": "provider[\"registry.terraform.io/hashicorp/google\"]",
      "instances": [
        {
          "schema_version": 0,
          "attributes": {
            "condition": [],
            "etag": "BwXpWZQjG9g=",
            "id": "projects/terraform-practice2/topics/SAP_BW-StockAdjustmentsOnline-FileEvent/roles/pubsub.publisher",
            "members": [
              "serviceAccount:service-370834102471@gs-project-accounts.iam.gserviceaccount.com"
            ],
            "project": "terraform-practice2",
            "role": "roles/pubsub.publisher",
            "topic": "projects/terraform-practice2/topics/SAP_BW-StockAdjustmentsOnline-FileEvent"
          },
          "sensitive_attributes": [],
          "private": "bnVsbA==",
          "dependencies": [
            "module.pubsubnotification-with-GCS.data.google_storage_project_service_account.gcs_account",
            "module.pubsubnotification-with-GCS.google_pubsub_topic.topics"
          ]
        }
      ]
    },
    {
      "module": "module.pubsubnotification-with-GCS",
      "mode": "managed",
      "type": "google_storage_bucket",
      "name": "archivalbucket",
      "provider": "provider[\"registry.terraform.io/hashicorp/google\"]",
      "instances": [
        {
          "schema_version": 0,
          "attributes": {
            "cors": [],
            "default_event_based_hold": false,
            "encryption": [],
            "force_destroy": true,
            "id": "sap_bw-stockadjustmentsonline-archive",
            "labels": null,
            "lifecycle_rule": [],
            "location": "US",
            "logging": [],
            "name": "sap_bw-stockadjustmentsonline-archive",
            "project": "terraform-practice2",
            "requester_pays": false,
            "retention_policy": [],
            "self_link": "https://www.googleapis.com/storage/v1/b/sap_bw-stockadjustmentsonline-archive",
            "storage_class": "STANDARD",
            "timeouts": null,
            "uniform_bucket_level_access": true,
            "url": "gs://sap_bw-stockadjustmentsonline-archive",
            "versioning": [],
            "website": []
          },
          "sensitive_attributes": [],
          "private": "eyJlMmJmYjczMC1lY2FhLTExZTYtOGY4OC0zNDM2M2JjN2M0YzAiOnsiY3JlYXRlIjoyNDAwMDAwMDAwMDAsInJlYWQiOjI0MDAwMDAwMDAwMCwidXBkYXRlIjoyNDAwMDAwMDAwMDB9fQ=="
        }
      ]
    },
    {
      "module": "module.pubsubnotification-with-GCS",
      "mode": "managed",
      "type": "google_storage_bucket",
      "name": "bucket",
      "provider": "provider[\"registry.terraform.io/hashicorp/google\"]",
      "instances": [
        {
          "schema_version": 0,
          "attributes": {
            "cors": [],
            "default_event_based_hold": false,
            "encryption": [],
            "force_destroy": false,
            "id": "sap_bw-stockadjustmentsonline-landing",
            "labels": null,
            "lifecycle_rule": [],
            "location": "US",
            "logging": [],
            "name": "sap_bw-stockadjustmentsonline-landing",
            "project": "terraform-practice2",
            "requester_pays": false,
            "retention_policy": [],
            "self_link": "https://www.googleapis.com/storage/v1/b/sap_bw-stockadjustmentsonline-landing",
            "storage_class": "STANDARD",
            "timeouts": null,
            "uniform_bucket_level_access": true,
            "url": "gs://sap_bw-stockadjustmentsonline-landing",
            "versioning": [],
            "website": []
          },
          "sensitive_attributes": [],
          "private": "eyJlMmJmYjczMC1lY2FhLTExZTYtOGY4OC0zNDM2M2JjN2M0YzAiOnsiY3JlYXRlIjoyNDAwMDAwMDAwMDAsInJlYWQiOjI0MDAwMDAwMDAwMCwidXBkYXRlIjoyNDAwMDAwMDAwMDB9fQ=="
        }
      ]
    },
    {
      "module": "module.pubsubnotification-with-GCS",
      "mode": "managed",
      "type": "google_storage_notification",
      "name": "notification",
      "provider": "provider[\"registry.terraform.io/hashicorp/google\"]",
      "instances": [
        {
          "schema_version": 0,
          "attributes": {
            "bucket": "sap_bw-stockadjustmentsonline-landing",
            "custom_attributes": null,
            "event_types": null,
            "id": "sap_bw-stockadjustmentsonline-landing/notificationConfigs/1",
            "notification_id": "1",
            "object_name_prefix": "",
            "payload_format": "JSON_API_V1",
            "self_link": "https://www.googleapis.com/storage/v1/b/sap_bw-stockadjustmentsonline-landing/notificationConfigs/1",
            "topic": "//pubsub.googleapis.com/projects/terraform-practice2/topics/SAP_BW-StockAdjustmentsOnline-FileEvent"
          },
          "sensitive_attributes": [],
          "private": "bnVsbA==",
          "dependencies": [
            "module.pubsubnotification-with-GCS.data.google_storage_project_service_account.gcs_account",
            "module.pubsubnotification-with-GCS.google_pubsub_topic.topics",
            "module.pubsubnotification-with-GCS.google_pubsub_topic_iam_binding.binding",
            "module.pubsubnotification-with-GCS.google_storage_bucket.bucket"
          ]
        }
      ]
    }
  ]
}
